// !$*UTF8*$!
{
	archiveVersion = 1;
	classes = {
	};
	objectVersion = 46;
	objects = {

/* Begin PBXBuildFile section */
		077D758F8A004F12A6AB5BD3 /* libPods.a in Frameworks */ = {isa = PBXBuildFile; fileRef = 07EE7C6890C34E0591E5E14F /* libPods.a */; };
		8B5F59FD19463240002E695D /* Foundation.framework in Frameworks */ = {isa = PBXBuildFile; fileRef = 8B5F59FC19463240002E695D /* Foundation.framework */; };
		8B5F59FF19463240002E695D /* CoreGraphics.framework in Frameworks */ = {isa = PBXBuildFile; fileRef = 8B5F59FE19463240002E695D /* CoreGraphics.framework */; };
		8B5F5A0119463240002E695D /* UIKit.framework in Frameworks */ = {isa = PBXBuildFile; fileRef = 8B5F5A0019463240002E695D /* UIKit.framework */; };
		8B5F5A0719463240002E695D /* InfoPlist.strings in Resources */ = {isa = PBXBuildFile; fileRef = 8B5F5A0519463240002E695D /* InfoPlist.strings */; };
		8B5F5A0919463240002E695D /* main.m in Sources */ = {isa = PBXBuildFile; fileRef = 8B5F5A0819463240002E695D /* main.m */; };
		8B5F5A0D19463240002E695D /* PPAppDelegate.m in Sources */ = {isa = PBXBuildFile; fileRef = 8B5F5A0C19463240002E695D /* PPAppDelegate.m */; };
		8B5F5A0F19463241002E695D /* Images.xcassets in Resources */ = {isa = PBXBuildFile; fileRef = 8B5F5A0E19463241002E695D /* Images.xcassets */; };
		8B5F5A1619463241002E695D /* XCTest.framework in Frameworks */ = {isa = PBXBuildFile; fileRef = 8B5F5A1519463241002E695D /* XCTest.framework */; };
		8B5F5A1719463241002E695D /* Foundation.framework in Frameworks */ = {isa = PBXBuildFile; fileRef = 8B5F59FC19463240002E695D /* Foundation.framework */; };
		8B5F5A1819463241002E695D /* UIKit.framework in Frameworks */ = {isa = PBXBuildFile; fileRef = 8B5F5A0019463240002E695D /* UIKit.framework */; };
		8B5F5A2019463241002E695D /* InfoPlist.strings in Resources */ = {isa = PBXBuildFile; fileRef = 8B5F5A1E19463241002E695D /* InfoPlist.strings */; };
		8B5F5A2219463241002E695D /* PPLicenceViewControllerTests.m in Sources */ = {isa = PBXBuildFile; fileRef = 8B5F5A2119463241002E695D /* PPLicenceViewControllerTests.m */; };
		8B5F5A3F19464A7D002E695D /* PPLicencesViewController.m in Sources */ = {isa = PBXBuildFile; fileRef = 8B5F5A3E19464A7D002E695D /* PPLicencesViewController.m */; };
		8B5F5A4819464AB7002E695D /* bootstrap.min.css in Resources */ = {isa = PBXBuildFile; fileRef = 8B5F5A4119464AB7002E695D /* bootstrap.min.css */; };
		8B5F5A4919464AB7002E695D /* jquery.min.js in Sources */ = {isa = PBXBuildFile; fileRef = 8B5F5A4219464AB7002E695D /* jquery.min.js */; };
		8B5F5A4A19464AB7002E695D /* licences.css in Resources */ = {isa = PBXBuildFile; fileRef = 8B5F5A4319464AB7002E695D /* licences.css */; };
		8B5F5A4B19464AB7002E695D /* licences.html in Resources */ = {isa = PBXBuildFile; fileRef = 8B5F5A4419464AB7002E695D /* licences.html */; };
		8B5F5A4C19464AB7002E695D /* LicencesHTML.m in Sources */ = {isa = PBXBuildFile; fileRef = 8B5F5A4619464AB7002E695D /* LicencesHTML.m */; };
		8B5F5A4D19464AB7002E695D /* normalize.css in Resources */ = {isa = PBXBuildFile; fileRef = 8B5F5A4719464AB7002E695D /* normalize.css */; };
		8B5F5A4F19464F76002E695D /* Pods-acknowledgements.markdown in Resources */ = {isa = PBXBuildFile; fileRef = 8B5F5A4E19464F76002E695D /* Pods-acknowledgements.markdown */; };
/* End PBXBuildFile section */

/* Begin PBXContainerItemProxy section */
		8B5F5A1919463241002E695D /* PBXContainerItemProxy */ = {
			isa = PBXContainerItemProxy;
			containerPortal = 8B5F59F119463240002E695D /* Project object */;
			proxyType = 1;
			remoteGlobalIDString = 8B5F59F819463240002E695D;
			remoteInfo = PPLicenceViewController;
		};
/* End PBXContainerItemProxy section */

/* Begin PBXFileReference section */
		07EE7C6890C34E0591E5E14F /* libPods.a */ = {isa = PBXFileReference; explicitFileType = archive.ar; includeInIndex = 0; path = libPods.a; sourceTree = BUILT_PRODUCTS_DIR; };
		4938D76BBBE74489AA30A125 /* Pods.xcconfig */ = {isa = PBXFileReference; includeInIndex = 1; lastKnownFileType = text.xcconfig; name = Pods.xcconfig; path = Pods/Pods.xcconfig; sourceTree = "<group>"; };
		8B5F59F919463240002E695D /* PPLicencesViewController.app */ = {isa = PBXFileReference; explicitFileType = wrapper.application; includeInIndex = 0; path = PPLicencesViewController.app; sourceTree = BUILT_PRODUCTS_DIR; };
		8B5F59FC19463240002E695D /* Foundation.framework */ = {isa = PBXFileReference; lastKnownFileType = wrapper.framework; name = Foundation.framework; path = System/Library/Frameworks/Foundation.framework; sourceTree = SDKROOT; };
		8B5F59FE19463240002E695D /* CoreGraphics.framework */ = {isa = PBXFileReference; lastKnownFileType = wrapper.framework; name = CoreGraphics.framework; path = System/Library/Frameworks/CoreGraphics.framework; sourceTree = SDKROOT; };
		8B5F5A0019463240002E695D /* UIKit.framework */ = {isa = PBXFileReference; lastKnownFileType = wrapper.framework; name = UIKit.framework; path = System/Library/Frameworks/UIKit.framework; sourceTree = SDKROOT; };
		8B5F5A0419463240002E695D /* PPLicencesViewController-Info.plist */ = {isa = PBXFileReference; lastKnownFileType = text.plist.xml; path = "PPLicencesViewController-Info.plist"; sourceTree = "<group>"; };
		8B5F5A0619463240002E695D /* en */ = {isa = PBXFileReference; lastKnownFileType = text.plist.strings; name = en; path = en.lproj/InfoPlist.strings; sourceTree = "<group>"; };
		8B5F5A0819463240002E695D /* main.m */ = {isa = PBXFileReference; lastKnownFileType = sourcecode.c.objc; path = main.m; sourceTree = "<group>"; };
		8B5F5A0A19463240002E695D /* PPLicencesViewController-Prefix.pch */ = {isa = PBXFileReference; lastKnownFileType = sourcecode.c.h; path = "PPLicencesViewController-Prefix.pch"; sourceTree = "<group>"; };
		8B5F5A0B19463240002E695D /* PPAppDelegate.h */ = {isa = PBXFileReference; lastKnownFileType = sourcecode.c.h; path = PPAppDelegate.h; sourceTree = "<group>"; };
		8B5F5A0C19463240002E695D /* PPAppDelegate.m */ = {isa = PBXFileReference; lastKnownFileType = sourcecode.c.objc; path = PPAppDelegate.m; sourceTree = "<group>"; };
		8B5F5A0E19463241002E695D /* Images.xcassets */ = {isa = PBXFileReference; lastKnownFileType = folder.assetcatalog; path = Images.xcassets; sourceTree = "<group>"; };
		8B5F5A1419463241002E695D /* PPLicencesViewControllerTests.xctest */ = {isa = PBXFileReference; explicitFileType = wrapper.cfbundle; includeInIndex = 0; path = PPLicencesViewControllerTests.xctest; sourceTree = BUILT_PRODUCTS_DIR; };
		8B5F5A1519463241002E695D /* XCTest.framework */ = {isa = PBXFileReference; lastKnownFileType = wrapper.framework; name = XCTest.framework; path = Library/Frameworks/XCTest.framework; sourceTree = DEVELOPER_DIR; };
		8B5F5A1D19463241002E695D /* PPLicencesViewControllerTests-Info.plist */ = {isa = PBXFileReference; lastKnownFileType = text.plist.xml; path = "PPLicencesViewControllerTests-Info.plist"; sourceTree = "<group>"; };
		8B5F5A1F19463241002E695D /* en */ = {isa = PBXFileReference; lastKnownFileType = text.plist.strings; name = en; path = en.lproj/InfoPlist.strings; sourceTree = "<group>"; };
		8B5F5A2119463241002E695D /* PPLicenceViewControllerTests.m */ = {isa = PBXFileReference; lastKnownFileType = sourcecode.c.objc; path = PPLicenceViewControllerTests.m; sourceTree = "<group>"; };
		8B5F5A3D19464A7D002E695D /* PPLicencesViewController.h */ = {isa = PBXFileReference; fileEncoding = 4; lastKnownFileType = sourcecode.c.h; name = PPLicencesViewController.h; path = Files/PPLicencesViewController.h; sourceTree = SOURCE_ROOT; };
		8B5F5A3E19464A7D002E695D /* PPLicencesViewController.m */ = {isa = PBXFileReference; fileEncoding = 4; lastKnownFileType = sourcecode.c.objc; name = PPLicencesViewController.m; path = Files/PPLicencesViewController.m; sourceTree = SOURCE_ROOT; };
		8B5F5A4119464AB7002E695D /* bootstrap.min.css */ = {isa = PBXFileReference; fileEncoding = 4; lastKnownFileType = text.css; name = bootstrap.min.css; path = Files/bootstrap.min.css; sourceTree = SOURCE_ROOT; };
		8B5F5A4219464AB7002E695D /* jquery.min.js */ = {isa = PBXFileReference; fileEncoding = 4; lastKnownFileType = sourcecode.javascript; name = jquery.min.js; path = Files/jquery.min.js; sourceTree = SOURCE_ROOT; };
		8B5F5A4319464AB7002E695D /* licences.css */ = {isa = PBXFileReference; fileEncoding = 4; lastKnownFileType = text.css; name = licences.css; path = Files/licences.css; sourceTree = SOURCE_ROOT; };
		8B5F5A4419464AB7002E695D /* licences.html */ = {isa = PBXFileReference; fileEncoding = 4; lastKnownFileType = text.html; name = licences.html; path = Files/licences.html; sourceTree = SOURCE_ROOT; };
		8B5F5A4519464AB7002E695D /* LicencesHTML.h */ = {isa = PBXFileReference; fileEncoding = 4; lastKnownFileType = sourcecode.c.h; name = LicencesHTML.h; path = Files/LicencesHTML.h; sourceTree = SOURCE_ROOT; };
		8B5F5A4619464AB7002E695D /* LicencesHTML.m */ = {isa = PBXFileReference; fileEncoding = 4; lastKnownFileType = sourcecode.c.objc; name = LicencesHTML.m; path = Files/LicencesHTML.m; sourceTree = SOURCE_ROOT; };
		8B5F5A4719464AB7002E695D /* normalize.css */ = {isa = PBXFileReference; fileEncoding = 4; lastKnownFileType = text.css; name = normalize.css; path = Files/normalize.css; sourceTree = SOURCE_ROOT; };
		8B5F5A4E19464F76002E695D /* Pods-acknowledgements.markdown */ = {isa = PBXFileReference; fileEncoding = 4; lastKnownFileType = text; name = "Pods-acknowledgements.markdown"; path = "../Pods/Pods-acknowledgements.markdown"; sourceTree = "<group>"; };
/* End PBXFileReference section */

/* Begin PBXFrameworksBuildPhase section */
		8B5F59F619463240002E695D /* Frameworks */ = {
			isa = PBXFrameworksBuildPhase;
			buildActionMask = 2147483647;
			files = (
				8B5F59FF19463240002E695D /* CoreGraphics.framework in Frameworks */,
				8B5F5A0119463240002E695D /* UIKit.framework in Frameworks */,
				8B5F59FD19463240002E695D /* Foundation.framework in Frameworks */,
				077D758F8A004F12A6AB5BD3 /* libPods.a in Frameworks */,
			);
			runOnlyForDeploymentPostprocessing = 0;
		};
		8B5F5A1119463241002E695D /* Frameworks */ = {
			isa = PBXFrameworksBuildPhase;
			buildActionMask = 2147483647;
			files = (
				8B5F5A1619463241002E695D /* XCTest.framework in Frameworks */,
				8B5F5A1819463241002E695D /* UIKit.framework in Frameworks */,
				8B5F5A1719463241002E695D /* Foundation.framework in Frameworks */,
			);
			runOnlyForDeploymentPostprocessing = 0;
		};
/* End PBXFrameworksBuildPhase section */

/* Begin PBXGroup section */
		8B5F59F019463240002E695D = {
			isa = PBXGroup;
			children = (
				8B5F5A0219463240002E695D /* PPLicencesViewController */,
				8B5F5A1B19463241002E695D /* PPLicenceViewControllerTests */,
				8B5F59FB19463240002E695D /* Frameworks */,
				8B5F59FA19463240002E695D /* Products */,
				4938D76BBBE74489AA30A125 /* Pods.xcconfig */,
			);
			sourceTree = "<group>";
		};
		8B5F59FA19463240002E695D /* Products */ = {
			isa = PBXGroup;
			children = (
				8B5F59F919463240002E695D /* PPLicencesViewController.app */,
				8B5F5A1419463241002E695D /* PPLicencesViewControllerTests.xctest */,
			);
			name = Products;
			sourceTree = "<group>";
		};
		8B5F59FB19463240002E695D /* Frameworks */ = {
			isa = PBXGroup;
			children = (
				8B5F59FC19463240002E695D /* Foundation.framework */,
				8B5F59FE19463240002E695D /* CoreGraphics.framework */,
				8B5F5A0019463240002E695D /* UIKit.framework */,
				8B5F5A1519463241002E695D /* XCTest.framework */,
				07EE7C6890C34E0591E5E14F /* libPods.a */,
			);
			name = Frameworks;
			sourceTree = "<group>";
		};
		8B5F5A0219463240002E695D /* PPLicencesViewController */ = {
			isa = PBXGroup;
			children = (
				8B5F5A4E19464F76002E695D /* Pods-acknowledgements.markdown */,
				8B5F5A0B19463240002E695D /* PPAppDelegate.h */,
				8B5F5A0C19463240002E695D /* PPAppDelegate.m */,
				8B5F5A3D19464A7D002E695D /* PPLicencesViewController.h */,
				8B5F5A3E19464A7D002E695D /* PPLicencesViewController.m */,
				8B5F5A4119464AB7002E695D /* bootstrap.min.css */,
				8B5F5A4219464AB7002E695D /* jquery.min.js */,
				8B5F5A4319464AB7002E695D /* licences.css */,
				8B5F5A4419464AB7002E695D /* licences.html */,
				8B5F5A4519464AB7002E695D /* LicencesHTML.h */,
				8B5F5A4619464AB7002E695D /* LicencesHTML.m */,
				8B5F5A4719464AB7002E695D /* normalize.css */,
				8B5F5A0E19463241002E695D /* Images.xcassets */,
				8B5F5A0319463240002E695D /* Supporting Files */,
			);
			name = PPLicencesViewController;
			path = PPLicenceViewController;
			sourceTree = "<group>";
		};
		8B5F5A0319463240002E695D /* Supporting Files */ = {
			isa = PBXGroup;
			children = (
				8B5F5A0419463240002E695D /* PPLicencesViewController-Info.plist */,
				8B5F5A0519463240002E695D /* InfoPlist.strings */,
				8B5F5A0819463240002E695D /* main.m */,
				8B5F5A0A19463240002E695D /* PPLicencesViewController-Prefix.pch */,
			);
			name = "Supporting Files";
			sourceTree = "<group>";
		};
		8B5F5A1B19463241002E695D /* PPLicenceViewControllerTests */ = {
			isa = PBXGroup;
			children = (
				8B5F5A2119463241002E695D /* PPLicenceViewControllerTests.m */,
				8B5F5A1C19463241002E695D /* Supporting Files */,
			);
			path = PPLicenceViewControllerTests;
			sourceTree = "<group>";
		};
		8B5F5A1C19463241002E695D /* Supporting Files */ = {
			isa = PBXGroup;
			children = (
				8B5F5A1D19463241002E695D /* PPLicencesViewControllerTests-Info.plist */,
				8B5F5A1E19463241002E695D /* InfoPlist.strings */,
			);
			name = "Supporting Files";
			sourceTree = "<group>";
		};
/* End PBXGroup section */

/* Begin PBXNativeTarget section */
		8B5F59F819463240002E695D /* PPLicencesViewController */ = {
			isa = PBXNativeTarget;
			buildConfigurationList = 8B5F5A2519463241002E695D /* Build configuration list for PBXNativeTarget "PPLicencesViewController" */;
			buildPhases = (
				C46E9595061E4AA5A398280A /* Check Pods Manifest.lock */,
				8B5F59F519463240002E695D /* Sources */,
				8B5F59F619463240002E695D /* Frameworks */,
				8B5F59F719463240002E695D /* Resources */,
				CF43FFB83C824C1A9C9AEC15 /* Copy Pods Resources */,
			);
			buildRules = (
			);
			dependencies = (
			);
			name = PPLicencesViewController;
			productName = PPLicenceViewController;
			productReference = 8B5F59F919463240002E695D /* PPLicencesViewController.app */;
			productType = "com.apple.product-type.application";
		};
		8B5F5A1319463241002E695D /* PPLicencesViewControllerTests */ = {
			isa = PBXNativeTarget;
			buildConfigurationList = 8B5F5A2819463241002E695D /* Build configuration list for PBXNativeTarget "PPLicencesViewControllerTests" */;
			buildPhases = (
				8B5F5A1019463241002E695D /* Sources */,
				8B5F5A1119463241002E695D /* Frameworks */,
				8B5F5A1219463241002E695D /* Resources */,
			);
			buildRules = (
			);
			dependencies = (
				8B5F5A1A19463241002E695D /* PBXTargetDependency */,
			);
			name = PPLicencesViewControllerTests;
			productName = PPLicenceViewControllerTests;
			productReference = 8B5F5A1419463241002E695D /* PPLicencesViewControllerTests.xctest */;
			productType = "com.apple.product-type.bundle.unit-test";
		};
/* End PBXNativeTarget section */

/* Begin PBXProject section */
		8B5F59F119463240002E695D /* Project object */ = {
			isa = PBXProject;
			attributes = {
				CLASSPREFIX = PP;
				LastUpgradeCheck = 0510;
				ORGANIZATIONNAME = Wasappli;
				TargetAttributes = {
					8B5F5A1319463241002E695D = {
						TestTargetID = 8B5F59F819463240002E695D;
					};
				};
			};
			buildConfigurationList = 8B5F59F419463240002E695D /* Build configuration list for PBXProject "PPLicencesViewController" */;
			compatibilityVersion = "Xcode 3.2";
			developmentRegion = English;
			hasScannedForEncodings = 0;
			knownRegions = (
				en,
			);
			mainGroup = 8B5F59F019463240002E695D;
			productRefGroup = 8B5F59FA19463240002E695D /* Products */;
			projectDirPath = "";
			projectRoot = "";
			targets = (
				8B5F59F819463240002E695D /* PPLicencesViewController */,
				8B5F5A1319463241002E695D /* PPLicencesViewControllerTests */,
			);
		};
/* End PBXProject section */

/* Begin PBXResourcesBuildPhase section */
		8B5F59F719463240002E695D /* Resources */ = {
			isa = PBXResourcesBuildPhase;
			buildActionMask = 2147483647;
			files = (
				8B5F5A4819464AB7002E695D /* bootstrap.min.css in Resources */,
				8B5F5A0719463240002E695D /* InfoPlist.strings in Resources */,
				8B5F5A4F19464F76002E695D /* Pods-acknowledgements.markdown in Resources */,
				8B5F5A4B19464AB7002E695D /* licences.html in Resources */,
				8B5F5A4A19464AB7002E695D /* licences.css in Resources */,
				8B5F5A0F19463241002E695D /* Images.xcassets in Resources */,
				8B5F5A4D19464AB7002E695D /* normalize.css in Resources */,
			);
			runOnlyForDeploymentPostprocessing = 0;
		};
		8B5F5A1219463241002E695D /* Resources */ = {
			isa = PBXResourcesBuildPhase;
			buildActionMask = 2147483647;
			files = (
				8B5F5A2019463241002E695D /* InfoPlist.strings in Resources */,
			);
			runOnlyForDeploymentPostprocessing = 0;
		};
/* End PBXResourcesBuildPhase section */

/* Begin PBXShellScriptBuildPhase section */
		C46E9595061E4AA5A398280A /* Check Pods Manifest.lock */ = {
			isa = PBXShellScriptBuildPhase;
			buildActionMask = 2147483647;
			files = (
			);
			inputPaths = (
			);
			name = "Check Pods Manifest.lock";
			outputPaths = (
			);
			runOnlyForDeploymentPostprocessing = 0;
			shellPath = /bin/sh;
			shellScript = "diff \"${PODS_ROOT}/../Podfile.lock\" \"${PODS_ROOT}/Manifest.lock\" > /dev/null\nif [[ $? != 0 ]] ; then\n    cat << EOM\nerror: The sandbox is not in sync with the Podfile.lock. Run 'pod install' or update your CocoaPods installation.\nEOM\n    exit 1\nfi\n";
			showEnvVarsInLog = 0;
		};
		CF43FFB83C824C1A9C9AEC15 /* Copy Pods Resources */ = {
			isa = PBXShellScriptBuildPhase;
			buildActionMask = 2147483647;
			files = (
			);
			inputPaths = (
			);
			name = "Copy Pods Resources";
			outputPaths = (
			);
			runOnlyForDeploymentPostprocessing = 0;
			shellPath = /bin/sh;
			shellScript = "\"${SRCROOT}/Pods/Pods-resources.sh\"\n";
			showEnvVarsInLog = 0;
		};
/* End PBXShellScriptBuildPhase section */

/* Begin PBXSourcesBuildPhase section */
		8B5F59F519463240002E695D /* Sources */ = {
			isa = PBXSourcesBuildPhase;
			buildActionMask = 2147483647;
			files = (
				8B5F5A0D19463240002E695D /* PPAppDelegate.m in Sources */,
				8B5F5A0919463240002E695D /* main.m in Sources */,
				8B5F5A4919464AB7002E695D /* jquery.min.js in Sources */,
				8B5F5A4C19464AB7002E695D /* LicencesHTML.m in Sources */,
				8B5F5A3F19464A7D002E695D /* PPLicencesViewController.m in Sources */,
			);
			runOnlyForDeploymentPostprocessing = 0;
		};
		8B5F5A1019463241002E695D /* Sources */ = {
			isa = PBXSourcesBuildPhase;
			buildActionMask = 2147483647;
			files = (
				8B5F5A2219463241002E695D /* PPLicenceViewControllerTests.m in Sources */,
			);
			runOnlyForDeploymentPostprocessing = 0;
		};
/* End PBXSourcesBuildPhase section */

/* Begin PBXTargetDependency section */
		8B5F5A1A19463241002E695D /* PBXTargetDependency */ = {
			isa = PBXTargetDependency;
			target = 8B5F59F819463240002E695D /* PPLicencesViewController */;
			targetProxy = 8B5F5A1919463241002E695D /* PBXContainerItemProxy */;
		};
/* End PBXTargetDependency section */

/* Begin PBXVariantGroup section */
		8B5F5A0519463240002E695D /* InfoPlist.strings */ = {
			isa = PBXVariantGroup;
			children = (
				8B5F5A0619463240002E695D /* en */,
			);
			name = InfoPlist.strings;
			sourceTree = "<group>";
		};
		8B5F5A1E19463241002E695D /* InfoPlist.strings */ = {
			isa = PBXVariantGroup;
			children = (
				8B5F5A1F19463241002E695D /* en */,
			);
			name = InfoPlist.strings;
			sourceTree = "<group>";
		};
/* End PBXVariantGroup section */

/* Begin XCBuildConfiguration section */
		8B5F5A2319463241002E695D /* Debug */ = {
			isa = XCBuildConfiguration;
			buildSettings = {
				ALWAYS_SEARCH_USER_PATHS = NO;
				CLANG_CXX_LANGUAGE_STANDARD = "gnu++0x";
				CLANG_CXX_LIBRARY = "libc++";
				CLANG_ENABLE_MODULES = YES;
				CLANG_ENABLE_OBJC_ARC = YES;
				CLANG_WARN_BOOL_CONVERSION = YES;
				CLANG_WARN_CONSTANT_CONVERSION = YES;
				CLANG_WARN_DIRECT_OBJC_ISA_USAGE = YES_ERROR;
				CLANG_WARN_EMPTY_BODY = YES;
				CLANG_WARN_ENUM_CONVERSION = YES;
				CLANG_WARN_INT_CONVERSION = YES;
				CLANG_WARN_OBJC_ROOT_CLASS = YES_ERROR;
				CLANG_WARN__DUPLICATE_METHOD_MATCH = YES;
				"CODE_SIGN_IDENTITY[sdk=iphoneos*]" = "iPhone Developer";
				COPY_PHASE_STRIP = NO;
				GCC_C_LANGUAGE_STANDARD = gnu99;
				GCC_DYNAMIC_NO_PIC = NO;
				GCC_OPTIMIZATION_LEVEL = 0;
				GCC_PREPROCESSOR_DEFINITIONS = (
					"DEBUG=1",
					"$(inherited)",
				);
				GCC_SYMBOLS_PRIVATE_EXTERN = NO;
				GCC_WARN_64_TO_32_BIT_CONVERSION = YES;
				GCC_WARN_ABOUT_RETURN_TYPE = YES_ERROR;
				GCC_WARN_UNDECLARED_SELECTOR = YES;
				GCC_WARN_UNINITIALIZED_AUTOS = YES_AGGRESSIVE;
				GCC_WARN_UNUSED_FUNCTION = YES;
				GCC_WARN_UNUSED_VARIABLE = YES;
				IPHONEOS_DEPLOYMENT_TARGET = 7.1;
				ONLY_ACTIVE_ARCH = YES;
				SDKROOT = iphoneos;
			};
			name = Debug;
		};
		8B5F5A2419463241002E695D /* Release */ = {
			isa = XCBuildConfiguration;
			buildSettings = {
				ALWAYS_SEARCH_USER_PATHS = NO;
				CLANG_CXX_LANGUAGE_STANDARD = "gnu++0x";
				CLANG_CXX_LIBRARY = "libc++";
				CLANG_ENABLE_MODULES = YES;
				CLANG_ENABLE_OBJC_ARC = YES;
				CLANG_WARN_BOOL_CONVERSION = YES;
				CLANG_WARN_CONSTANT_CONVERSION = YES;
				CLANG_WARN_DIRECT_OBJC_ISA_USAGE = YES_ERROR;
				CLANG_WARN_EMPTY_BODY = YES;
				CLANG_WARN_ENUM_CONVERSION = YES;
				CLANG_WARN_INT_CONVERSION = YES;
				CLANG_WARN_OBJC_ROOT_CLASS = YES_ERROR;
				CLANG_WARN__DUPLICATE_METHOD_MATCH = YES;
				"CODE_SIGN_IDENTITY[sdk=iphoneos*]" = "iPhone Developer";
				COPY_PHASE_STRIP = YES;
				ENABLE_NS_ASSERTIONS = NO;
				GCC_C_LANGUAGE_STANDARD = gnu99;
				GCC_WARN_64_TO_32_BIT_CONVERSION = YES;
				GCC_WARN_ABOUT_RETURN_TYPE = YES_ERROR;
				GCC_WARN_UNDECLARED_SELECTOR = YES;
				GCC_WARN_UNINITIALIZED_AUTOS = YES_AGGRESSIVE;
				GCC_WARN_UNUSED_FUNCTION = YES;
				GCC_WARN_UNUSED_VARIABLE = YES;
				IPHONEOS_DEPLOYMENT_TARGET = 7.1;
				SDKROOT = iphoneos;
				VALIDATE_PRODUCT = YES;
			};
			name = Release;
		};
		8B5F5A2619463241002E695D /* Debug */ = {
			isa = XCBuildConfiguration;
			baseConfigurationReference = 4938D76BBBE74489AA30A125 /* Pods.xcconfig */;
			buildSettings = {
				ASSETCATALOG_COMPILER_APPICON_NAME = AppIcon;
				ASSETCATALOG_COMPILER_LAUNCHIMAGE_NAME = LaunchImage;
				GCC_PRECOMPILE_PREFIX_HEADER = YES;
				GCC_PREFIX_HEADER = "PPLicenceViewController/PPLicencesViewController-Prefix.pch";
				INFOPLIST_FILE = "PPLicenceViewController/PPLicencesViewController-Info.plist";
				PRODUCT_NAME = PPLicencesViewController;
				WRAPPER_EXTENSION = app;
			};
			name = Debug;
		};
		8B5F5A2719463241002E695D /* Release */ = {
			isa = XCBuildConfiguration;
			baseConfigurationReference = 4938D76BBBE74489AA30A125 /* Pods.xcconfig */;
			buildSettings = {
				ASSETCATALOG_COMPILER_APPICON_NAME = AppIcon;
				ASSETCATALOG_COMPILER_LAUNCHIMAGE_NAME = LaunchImage;
				GCC_PRECOMPILE_PREFIX_HEADER = YES;
				GCC_PREFIX_HEADER = "PPLicenceViewController/PPLicencesViewController-Prefix.pch";
				INFOPLIST_FILE = "PPLicenceViewController/PPLicencesViewController-Info.plist";
				PRODUCT_NAME = PPLicencesViewController;
				WRAPPER_EXTENSION = app;
			};
			name = Release;
		};
		8B5F5A2919463241002E695D /* Debug */ = {
			isa = XCBuildConfiguration;
			buildSettings = {
				BUNDLE_LOADER = "$(BUILT_PRODUCTS_DIR)/PPLicenceViewController.app/PPLicenceViewController";
				FRAMEWORK_SEARCH_PATHS = (
					"$(SDKROOT)/Developer/Library/Frameworks",
					"$(inherited)",
					"$(DEVELOPER_FRAMEWORKS_DIR)",
				);
				GCC_PRECOMPILE_PREFIX_HEADER = YES;
				GCC_PREFIX_HEADER = "PPLicenceViewController/PPLicenceViewController-Prefix.pch";
				GCC_PREPROCESSOR_DEFINITIONS = (
					"DEBUG=1",
					"$(inherited)",
				);
				INFOPLIST_FILE = "PPLicenceViewControllerTests/PPLicencesViewControllerTests-Info.plist";
				PRODUCT_NAME = PPLicencesViewControllerTests;
				TEST_HOST = "$(BUNDLE_LOADER)";
				WRAPPER_EXTENSION = xctest;
			};
			name = Debug;
		};
		8B5F5A2A19463241002E695D /* Release */ = {
			isa = XCBuildConfiguration;
			buildSettings = {
				BUNDLE_LOADER = "$(BUILT_PRODUCTS_DIR)/PPLicenceViewController.app/PPLicenceViewController";
				FRAMEWORK_SEARCH_PATHS = (
					"$(SDKROOT)/Developer/Library/Frameworks",
					"$(inherited)",
					"$(DEVELOPER_FRAMEWORKS_DIR)",
				);
				GCC_PRECOMPILE_PREFIX_HEADER = YES;
				GCC_PREFIX_HEADER = "PPLicenceViewController/PPLicenceViewController-Prefix.pch";
				INFOPLIST_FILE = "PPLicenceViewControllerTests/PPLicencesViewControllerTests-Info.plist";
				PRODUCT_NAME = PPLicencesViewControllerTests;
				TEST_HOST = "$(BUNDLE_LOADER)";
				WRAPPER_EXTENSION = xctest;
			};
			name = Release;
		};
/* End XCBuildConfiguration section */

/* Begin XCConfigurationList section */
		8B5F59F419463240002E695D /* Build configuration list for PBXProject "PPLicencesViewController" */ = {
			isa = XCConfigurationList;
			buildConfigurations = (
				8B5F5A2319463241002E695D /* Debug */,
				8B5F5A2419463241002E695D /* Release */,
			);
			defaultConfigurationIsVisible = 0;
			defaultConfigurationName = Release;
		};
		8B5F5A2519463241002E695D /* Build configuration list for PBXNativeTarget "PPLicencesViewController" */ = {
			isa = XCConfigurationList;
			buildConfigurations = (
				8B5F5A2619463241002E695D /* Debug */,
				8B5F5A2719463241002E695D /* Release */,
			);
			defaultConfigurationIsVisible = 0;
			defaultConfigurationName = Release;
		};
		8B5F5A2819463241002E695D /* Build configuration list for PBXNativeTarget "PPLicencesViewControllerTests" */ = {
			isa = XCConfigurationList;
			buildConfigurations = (
				8B5F5A2919463241002E695D /* Debug */,
				8B5F5A2A19463241002E695D /* Release */,
			);
			defaultConfigurationIsVisible = 0;
			defaultConfigurationName = Release;
		};
/* End XCConfigurationList section */
	};
	rootObject = 8B5F59F119463240002E695D /* Project object */;
}
